
Microsoft Visual Studio Solution File, Format Version 12.00
# Visual Studio Version 16
VisualStudioVersion = 16.0.28803.156
MinimumVisualStudioVersion = 10.0.40219.1
Project("{FAE04EC0-301F-11D3-BF4B-00C04F79EFBC}") = "UmbracoContentApi.Umbraco", "UmbracoContentApi.Umbraco\UmbracoContentApi.Umbraco.csproj", "{D0A77B9C-BF57-467E-902D-87E9F357FEBE}"
EndProject
Project("{FAE04EC0-301F-11D3-BF4B-00C04F79EFBC}") = "UmbracoContentApi.Core", "UmbracoContentApi.Core\UmbracoContentApi.Core.csproj", "{3BB9FCC0-1DD7-4D48-9831-DD4D1E8C49F1}"
EndProject
Project("{2150E333-8FDC-42A3-9474-1A3956D46DE8}") = "Documentation", "Documentation", "{E12B378D-9B5E-47B6-9250-A48FE337B26F}"
	ProjectSection(SolutionItems) = preProject
		..\..\.gitignore = ..\..\.gitignore
		..\..\GitVersion.yml = ..\..\GitVersion.yml
		..\..\License.txt = ..\..\License.txt
		..\..\README.md = ..\..\README.md
	EndProjectSection
EndProject
Project("{FAE04EC0-301F-11D3-BF4B-00C04F79EFBC}") = "UmbracoContentApi.Web", "UmbracoContentApi.Web\UmbracoContentApi.Web.csproj", "{5D0DBE6A-82E2-45C9-B5E6-D5F1EC9BCA16}"
EndProject
Global
	GlobalSection(SolutionConfigurationPlatforms) = preSolution
		Debug|Any CPU = Debug|Any CPU
		Release|Any CPU = Release|Any CPU
	EndGlobalSection
	GlobalSection(ProjectConfigurationPlatforms) = postSolution
		{D0A77B9C-BF57-467E-902D-87E9F357FEBE}.Debug|Any CPU.ActiveCfg = Debug|Any CPU
		{D0A77B9C-BF57-467E-902D-87E9F357FEBE}.Debug|Any CPU.Build.0 = Debug|Any CPU
		{D0A77B9C-BF57-467E-902D-87E9F357FEBE}.Release|Any CPU.ActiveCfg = Release|Any CPU
		{D0A77B9C-BF57-467E-902D-87E9F357FEBE}.Release|Any CPU.Build.0 = Release|Any CPU
		{3BB9FCC0-1DD7-4D48-9831-DD4D1E8C49F1}.Debug|Any CPU.ActiveCfg = Debug|Any CPU
		{3BB9FCC0-1DD7-4D48-9831-DD4D1E8C49F1}.Debug|Any CPU.Build.0 = Debug|Any CPU
		{3BB9FCC0-1DD7-4D48-9831-DD4D1E8C49F1}.Release|Any CPU.ActiveCfg = Release|Any CPU
		{3BB9FCC0-1DD7-4D48-9831-DD4D1E8C49F1}.Release|Any CPU.Build.0 = Release|Any CPU
		{5D0DBE6A-82E2-45C9-B5E6-D5F1EC9BCA16}.Debug|Any CPU.ActiveCfg = Debug|Any CPU
		{5D0DBE6A-82E2-45C9-B5E6-D5F1EC9BCA16}.Debug|Any CPU.Build.0 = Debug|Any CPU
		{5D0DBE6A-82E2-45C9-B5E6-D5F1EC9BCA16}.Release|Any CPU.ActiveCfg = Release|Any CPU
		{5D0DBE6A-82E2-45C9-B5E6-D5F1EC9BCA16}.Release|Any CPU.Build.0 = Release|Any CPU
	EndGlobalSection
	GlobalSection(SolutionProperties) = preSolution
		HideSolutionNode = FALSE
	EndGlobalSection
	GlobalSection(ExtensibilityGlobals) = postSolution
		SolutionGuid = {31FCEA73-DB07-453E-978A-834176E90BD5}
	EndGlobalSection
EndGlobal
